
Microsoft Visual Studio Solution File, Format Version 12.00
# Visual Studio Version 17
VisualStudioVersion = 17.0.32014.148
MinimumVisualStudioVersion = 10.0.40219.1
Project("{9A19103F-16F7-4668-BE54-9A1E7A4F7556}") = "PizzaOrderingSystem.Ordering.API", "PizzaOrderingSystem.Ordering.API\PizzaOrderingSystem.Ordering.API.csproj", "{569EC817-2947-41C9-8162-B9C68F03E71D}"
EndProject
Project("{FAE04EC0-301F-11D3-BF4B-00C04F79EFBC}") = "PizzaOrderingSystem.Ordering.Test", "PizzaOrderingSystem.Ordering.Test\PizzaOrderingSystem.Ordering.Test.csproj", "{9CE17667-1ECA-493B-8DFC-25F8E4F9B054}"
EndProject
Global
	GlobalSection(SolutionConfigurationPlatforms) = preSolution
		Debug|Any CPU = Debug|Any CPU
		Release|Any CPU = Release|Any CPU
	EndGlobalSection
	GlobalSection(ProjectConfigurationPlatforms) = postSolution
		{569EC817-2947-41C9-8162-B9C68F03E71D}.Debug|Any CPU.ActiveCfg = Debug|Any CPU
		{569EC817-2947-41C9-8162-B9C68F03E71D}.Debug|Any CPU.Build.0 = Debug|Any CPU
		{569EC817-2947-41C9-8162-B9C68F03E71D}.Release|Any CPU.ActiveCfg = Release|Any CPU
		{569EC817-2947-41C9-8162-B9C68F03E71D}.Release|Any CPU.Build.0 = Release|Any CPU
		{9CE17667-1ECA-493B-8DFC-25F8E4F9B054}.Debug|Any CPU.ActiveCfg = Debug|Any CPU
		{9CE17667-1ECA-493B-8DFC-25F8E4F9B054}.Debug|Any CPU.Build.0 = Debug|Any CPU
		{9CE17667-1ECA-493B-8DFC-25F8E4F9B054}.Release|Any CPU.ActiveCfg = Release|Any CPU
		{9CE17667-1ECA-493B-8DFC-25F8E4F9B054}.Release|Any CPU.Build.0 = Release|Any CPU
	EndGlobalSection
	GlobalSection(SolutionProperties) = preSolution
		HideSolutionNode = FALSE
	EndGlobalSection
	GlobalSection(ExtensibilityGlobals) = postSolution
		SolutionGuid = {1A43B5DE-11E5-4C93-A0EE-60B110169C18}
	EndGlobalSection
EndGlobal
